
Microsoft Visual Studio Solution File, Format Version 12.00
# Visual Studio 15
VisualStudioVersion = 15.0.28010.2019
MinimumVisualStudioVersion = 10.0.40219.1
Project("{FAE04EC0-301F-11D3-BF4B-00C04F79EFBC}") = "ws", "cSharp\ws.csproj", "{C2A87351-84D9-4E90-A1B9-9001440C24F9}"
EndProject
Project("{2150E333-8FDC-42A3-9474-1A3956D46DE8}") = "Solution Items", "Solution Items", "{2A35D6D4-3BFC-44F6-8CAF-F83528F9680E}"
	ProjectSection(SolutionItems) = preProject
		X:\Desarrollo\Web Services\descargas\output.config = X:\Desarrollo\Web Services\descargas\output.config
		X:\Desarrollo\Web Services\descargas\Tesoreria.cs = X:\Desarrollo\Web Services\descargas\Tesoreria.cs
	EndProjectSection
EndProject
Global
	GlobalSection(SolutionConfigurationPlatforms) = preSolution
		Debug|Any CPU = Debug|Any CPU
		Release|Any CPU = Release|Any CPU
	EndGlobalSection
	GlobalSection(ProjectConfigurationPlatforms) = postSolution
		{C2A87351-84D9-4E90-A1B9-9001440C24F9}.Debug|Any CPU.ActiveCfg = Debug|Any CPU
		{C2A87351-84D9-4E90-A1B9-9001440C24F9}.Debug|Any CPU.Build.0 = Debug|Any CPU
		{C2A87351-84D9-4E90-A1B9-9001440C24F9}.Release|Any CPU.ActiveCfg = Release|Any CPU
		{C2A87351-84D9-4E90-A1B9-9001440C24F9}.Release|Any CPU.Build.0 = Release|Any CPU
	EndGlobalSection
	GlobalSection(SolutionProperties) = preSolution
		HideSolutionNode = FALSE
	EndGlobalSection
	GlobalSection(ExtensibilityGlobals) = postSolution
		SolutionGuid = {8E4C8ACE-C945-45C5-8695-65483E78B005}
	EndGlobalSection
EndGlobal
